
Microsoft Visual Studio Solution File, Format Version 12.00
# Visual Studio 14
VisualStudioVersion = 14.0.25123.0
MinimumVisualStudioVersion = 10.0.40219.1
Project("{FAE04EC0-301F-11D3-BF4B-00C04F79EFBC}") = "Mouse Move Motion Control", "Mouse Move Motion Control\Mouse Move Motion Control.csproj", "{044B82B7-2570-4897-BEC3-D152E77DFE5C}"
EndProject
Global
	GlobalSection(SolutionConfigurationPlatforms) = preSolution
		Debug|Any CPU = Debug|Any CPU
		Release|Any CPU = Release|Any CPU
	EndGlobalSection
	GlobalSection(ProjectConfigurationPlatforms) = postSolution
		{044B82B7-2570-4897-BEC3-D152E77DFE5C}.Debug|Any CPU.ActiveCfg = Debug|Any CPU
		{044B82B7-2570-4897-BEC3-D152E77DFE5C}.Debug|Any CPU.Build.0 = Debug|Any CPU
		{044B82B7-2570-4897-BEC3-D152E77DFE5C}.Release|Any CPU.ActiveCfg = Release|Any CPU
		{044B82B7-2570-4897-BEC3-D152E77DFE5C}.Release|Any CPU.Build.0 = Release|Any CPU
	EndGlobalSection
	GlobalSection(SolutionProperties) = preSolution
		HideSolutionNode = FALSE
	EndGlobalSection
EndGlobal
